
Microsoft Visual Studio Solution File, Format Version 12.00
# Visual Studio 15
VisualStudioVersion = 15.0.28307.106
MinimumVisualStudioVersion = 10.0.40219.1
Project("{FAE04EC0-301F-11D3-BF4B-00C04F79EFBC}") = "Server", "BonResto\Server.csproj", "{6DFD2130-89D1-4FA5-B2C8-0E5205877234}"
EndProject
Project("{FAE04EC0-301F-11D3-BF4B-00C04F79EFBC}") = "Client", "Client\Client.csproj", "{520EB5BA-312A-4F68-BF76-AE4DF099DAE5}"
EndProject
Global
	GlobalSection(SolutionConfigurationPlatforms) = preSolution
		Debug|Any CPU = Debug|Any CPU
		Release|Any CPU = Release|Any CPU
	EndGlobalSection
	GlobalSection(ProjectConfigurationPlatforms) = postSolution
		{6DFD2130-89D1-4FA5-B2C8-0E5205877234}.Debug|Any CPU.ActiveCfg = Debug|Any CPU
		{6DFD2130-89D1-4FA5-B2C8-0E5205877234}.Debug|Any CPU.Build.0 = Debug|Any CPU
		{6DFD2130-89D1-4FA5-B2C8-0E5205877234}.Release|Any CPU.ActiveCfg = Release|Any CPU
		{6DFD2130-89D1-4FA5-B2C8-0E5205877234}.Release|Any CPU.Build.0 = Release|Any CPU
		{520EB5BA-312A-4F68-BF76-AE4DF099DAE5}.Debug|Any CPU.ActiveCfg = Debug|Any CPU
		{520EB5BA-312A-4F68-BF76-AE4DF099DAE5}.Debug|Any CPU.Build.0 = Debug|Any CPU
		{520EB5BA-312A-4F68-BF76-AE4DF099DAE5}.Release|Any CPU.ActiveCfg = Release|Any CPU
		{520EB5BA-312A-4F68-BF76-AE4DF099DAE5}.Release|Any CPU.Build.0 = Release|Any CPU
	EndGlobalSection
	GlobalSection(SolutionProperties) = preSolution
		HideSolutionNode = FALSE
	EndGlobalSection
	GlobalSection(ExtensibilityGlobals) = postSolution
		SolutionGuid = {AE32B11A-0454-4A5A-BCE2-CC7D31517B9D}
	EndGlobalSection
EndGlobal
